// !$*UTF8*$!
{
	archiveVersion = 1;
	classes = {
	};
	objectVersion = 50;
	objects = {

/* Begin PBXBuildFile section */
		13B39F3A23BEEC5100AD6001 /* AppDelegate.m in Sources */ = {isa = PBXBuildFile; fileRef = 13B39F3923BEEC5100AD6001 /* AppDelegate.m */; };
		13B39F3D23BEEC5100AD6001 /* ViewController.m in Sources */ = {isa = PBXBuildFile; fileRef = 13B39F3C23BEEC5100AD6001 /* ViewController.m */; };
		13B39F4023BEEC5100AD6001 /* Main.storyboard in Resources */ = {isa = PBXBuildFile; fileRef = 13B39F3E23BEEC5100AD6001 /* Main.storyboard */; };
		13B39F4223BEEC5300AD6001 /* Assets.xcassets in Resources */ = {isa = PBXBuildFile; fileRef = 13B39F4123BEEC5300AD6001 /* Assets.xcassets */; };
		13B39F4523BEEC5300AD6001 /* LaunchScreen.storyboard in Resources */ = {isa = PBXBuildFile; fileRef = 13B39F4323BEEC5300AD6001 /* LaunchScreen.storyboard */; };
		13B39F4823BEEC5300AD6001 /* main.m in Sources */ = {isa = PBXBuildFile; fileRef = 13B39F4723BEEC5300AD6001 /* main.m */; };
		13B39F5B23BEEC6E00AD6001 /* 444.gif in Resources */ = {isa = PBXBuildFile; fileRef = 13B39F4F23BEEC6E00AD6001 /* 444.gif */; };
		13B39F5C23BEEC6E00AD6001 /* shizi.png in Resources */ = {isa = PBXBuildFile; fileRef = 13B39F5023BEEC6E00AD6001 /* shizi.png */; };
		13B39F5D23BEEC6E00AD6001 /* cahan.gif in Resources */ = {isa = PBXBuildFile; fileRef = 13B39F5123BEEC6E00AD6001 /* cahan.gif */; };
		13B39F5E23BEEC6E00AD6001 /* haha@2x.png in Resources */ = {isa = PBXBuildFile; fileRef = 13B39F5223BEEC6E00AD6001 /* haha@2x.png */; };
		13B39F5F23BEEC6E00AD6001 /* haqian.gif in Resources */ = {isa = PBXBuildFile; fileRef = 13B39F5323BEEC6E00AD6001 /* haqian.gif */; };
		13B39F6023BEEC6E00AD6001 /* 12.png in Resources */ = {isa = PBXBuildFile; fileRef = 13B39F5423BEEC6E00AD6001 /* 12.png */; };
		13B39F6123BEEC6E00AD6001 /* 21.jpeg in Resources */ = {isa = PBXBuildFile; fileRef = 13B39F5523BEEC6E00AD6001 /* 21.jpeg */; };
		13B39F6223BEEC6E00AD6001 /* haha.gif in Resources */ = {isa = PBXBuildFile; fileRef = 13B39F5623BEEC6E00AD6001 /* haha.gif */; };
		13B39F6423BEEC6E00AD6001 /* GLTGaltTig.ttf in Resources */ = {isa = PBXBuildFile; fileRef = 13B39F5923BEEC6E00AD6001 /* GLTGaltTig.ttf */; };
		13B39F6523BEEC6E00AD6001 /* har.ttf in Resources */ = {isa = PBXBuildFile; fileRef = 13B39F5A23BEEC6E00AD6001 /* har.ttf */; };
		13B39F6923BEEE3F00AD6001 /* MKGraphicView.framework in Frameworks */ = {isa = PBXBuildFile; fileRef = 13B39F6823BEEE3F00AD6001 /* MKGraphicView.framework */; };
/* End PBXBuildFile section */

/* Begin PBXFileReference section */
		13B39F3523BEEC5100AD6001 /* MKGraphicView.app */ = {isa = PBXFileReference; explicitFileType = wrapper.application; includeInIndex = 0; path = MKGraphicView.app; sourceTree = BUILT_PRODUCTS_DIR; };
		13B39F3823BEEC5100AD6001 /* AppDelegate.h */ = {isa = PBXFileReference; lastKnownFileType = sourcecode.c.h; path = AppDelegate.h; sourceTree = "<group>"; };
		13B39F3923BEEC5100AD6001 /* AppDelegate.m */ = {isa = PBXFileReference; lastKnownFileType = sourcecode.c.objc; path = AppDelegate.m; sourceTree = "<group>"; };
		13B39F3B23BEEC5100AD6001 /* ViewController.h */ = {isa = PBXFileReference; lastKnownFileType = sourcecode.c.h; path = ViewController.h; sourceTree = "<group>"; };
		13B39F3C23BEEC5100AD6001 /* ViewController.m */ = {isa = PBXFileReference; lastKnownFileType = sourcecode.c.objc; path = ViewController.m; sourceTree = "<group>"; };
		13B39F3F23BEEC5100AD6001 /* Base */ = {isa = PBXFileReference; lastKnownFileType = file.storyboard; name = Base; path = Base.lproj/Main.storyboard; sourceTree = "<group>"; };
		13B39F4123BEEC5300AD6001 /* Assets.xcassets */ = {isa = PBXFileReference; lastKnownFileType = folder.assetcatalog; path = Assets.xcassets; sourceTree = "<group>"; };
		13B39F4423BEEC5300AD6001 /* Base */ = {isa = PBXFileReference; lastKnownFileType = file.storyboard; name = Base; path = Base.lproj/LaunchScreen.storyboard; sourceTree = "<group>"; };
		13B39F4623BEEC5300AD6001 /* Info.plist */ = {isa = PBXFileReference; lastKnownFileType = text.plist.xml; path = Info.plist; sourceTree = "<group>"; };
		13B39F4723BEEC5300AD6001 /* main.m */ = {isa = PBXFileReference; lastKnownFileType = sourcecode.c.objc; path = main.m; sourceTree = "<group>"; };
		13B39F4F23BEEC6E00AD6001 /* 444.gif */ = {isa = PBXFileReference; lastKnownFileType = image.gif; path = 444.gif; sourceTree = "<group>"; };
		13B39F5023BEEC6E00AD6001 /* shizi.png */ = {isa = PBXFileReference; lastKnownFileType = image.png; path = shizi.png; sourceTree = "<group>"; };
		13B39F5123BEEC6E00AD6001 /* cahan.gif */ = {isa = PBXFileReference; lastKnownFileType = image.gif; path = cahan.gif; sourceTree = "<group>"; };
		13B39F5223BEEC6E00AD6001 /* haha@2x.png */ = {isa = PBXFileReference; lastKnownFileType = image.png; path = "haha@2x.png"; sourceTree = "<group>"; };
		13B39F5323BEEC6E00AD6001 /* haqian.gif */ = {isa = PBXFileReference; lastKnownFileType = image.gif; path = haqian.gif; sourceTree = "<group>"; };
		13B39F5423BEEC6E00AD6001 /* 12.png */ = {isa = PBXFileReference; lastKnownFileType = image.png; path = 12.png; sourceTree = "<group>"; };
		13B39F5523BEEC6E00AD6001 /* 21.jpeg */ = {isa = PBXFileReference; lastKnownFileType = image.jpeg; path = 21.jpeg; sourceTree = "<group>"; };
		13B39F5623BEEC6E00AD6001 /* haha.gif */ = {isa = PBXFileReference; lastKnownFileType = image.gif; path = haha.gif; sourceTree = "<group>"; };
		13B39F5923BEEC6E00AD6001 /* GLTGaltTig.ttf */ = {isa = PBXFileReference; lastKnownFileType = file; path = GLTGaltTig.ttf; sourceTree = "<group>"; };
		13B39F5A23BEEC6E00AD6001 /* har.ttf */ = {isa = PBXFileReference; lastKnownFileType = file; path = har.ttf; sourceTree = "<group>"; };
		13B39F6823BEEE3F00AD6001 /* MKGraphicView.framework */ = {isa = PBXFileReference; lastKnownFileType = wrapper.framework; path = MKGraphicView.framework; sourceTree = "<group>"; };
		224F9AD9BAB8C2C5A56A224D /* Pods-MKGraphicView.release.xcconfig */ = {isa = PBXFileReference; includeInIndex = 1; lastKnownFileType = text.xcconfig; name = "Pods-MKGraphicView.release.xcconfig"; path = "Pods/Target Support Files/Pods-MKGraphicView/Pods-MKGraphicView.release.xcconfig"; sourceTree = "<group>"; };
		44B873887C49C0DB36155F82 /* libPods-MKGraphicView.a */ = {isa = PBXFileReference; explicitFileType = archive.ar; includeInIndex = 0; path = "libPods-MKGraphicView.a"; sourceTree = BUILT_PRODUCTS_DIR; };
		6DACA8E32CF0EDE30D3F4D7F /* Pods-MKGraphicView.debug.xcconfig */ = {isa = PBXFileReference; includeInIndex = 1; lastKnownFileType = text.xcconfig; name = "Pods-MKGraphicView.debug.xcconfig"; path = "Pods/Target Support Files/Pods-MKGraphicView/Pods-MKGraphicView.debug.xcconfig"; sourceTree = "<group>"; };
/* End PBXFileReference section */

/* Begin PBXFrameworksBuildPhase section */
		13B39F3223BEEC5100AD6001 /* Frameworks */ = {
			isa = PBXFrameworksBuildPhase;
			buildActionMask = 2147483647;
			files = (
				13B39F6923BEEE3F00AD6001 /* MKGraphicView.framework in Frameworks */,
			);
			runOnlyForDeploymentPostprocessing = 0;
		};
/* End PBXFrameworksBuildPhase section */

/* Begin PBXGroup section */
		13B39F2C23BEEC5100AD6001 = {
			isa = PBXGroup;
			children = (
				13B39F3723BEEC5100AD6001 /* MKGraphicView */,
				13B39F3623BEEC5100AD6001 /* Products */,
				2D492F7CFD786D78DFF143ED /* Pods */,
				3DB338B1C9012E03EF5A4FD9 /* Frameworks */,
			);
			sourceTree = "<group>";
		};
		13B39F3623BEEC5100AD6001 /* Products */ = {
			isa = PBXGroup;
			children = (
				13B39F3523BEEC5100AD6001 /* MKGraphicView.app */,
			);
			name = Products;
			sourceTree = "<group>";
		};
		13B39F3723BEEC5100AD6001 /* MKGraphicView */ = {
			isa = PBXGroup;
			children = (
				13B39F6823BEEE3F00AD6001 /* MKGraphicView.framework */,
				13B39F5823BEEC6E00AD6001 /* Fonts */,
				13B39F4E23BEEC6E00AD6001 /* Images */,
				13B39F3823BEEC5100AD6001 /* AppDelegate.h */,
				13B39F3923BEEC5100AD6001 /* AppDelegate.m */,
				13B39F3B23BEEC5100AD6001 /* ViewController.h */,
				13B39F3C23BEEC5100AD6001 /* ViewController.m */,
				13B39F3E23BEEC5100AD6001 /* Main.storyboard */,
				13B39F4123BEEC5300AD6001 /* Assets.xcassets */,
				13B39F4323BEEC5300AD6001 /* LaunchScreen.storyboard */,
				13B39F4623BEEC5300AD6001 /* Info.plist */,
				13B39F4723BEEC5300AD6001 /* main.m */,
			);
			path = MKGraphicView;
			sourceTree = "<group>";
		};
		13B39F4E23BEEC6E00AD6001 /* Images */ = {
			isa = PBXGroup;
			children = (
				13B39F4F23BEEC6E00AD6001 /* 444.gif */,
				13B39F5023BEEC6E00AD6001 /* shizi.png */,
				13B39F5123BEEC6E00AD6001 /* cahan.gif */,
				13B39F5223BEEC6E00AD6001 /* haha@2x.png */,
				13B39F5323BEEC6E00AD6001 /* haqian.gif */,
				13B39F5423BEEC6E00AD6001 /* 12.png */,
				13B39F5523BEEC6E00AD6001 /* 21.jpeg */,
				13B39F5623BEEC6E00AD6001 /* haha.gif */,
			);
			path = Images;
			sourceTree = "<group>";
		};
		13B39F5823BEEC6E00AD6001 /* Fonts */ = {
			isa = PBXGroup;
			children = (
				13B39F5923BEEC6E00AD6001 /* GLTGaltTig.ttf */,
				13B39F5A23BEEC6E00AD6001 /* har.ttf */,
			);
			path = Fonts;
			sourceTree = "<group>";
		};
		2D492F7CFD786D78DFF143ED /* Pods */ = {
			isa = PBXGroup;
			children = (
				6DACA8E32CF0EDE30D3F4D7F /* Pods-MKGraphicView.debug.xcconfig */,
				224F9AD9BAB8C2C5A56A224D /* Pods-MKGraphicView.release.xcconfig */,
			);
			name = Pods;
			sourceTree = "<group>";
		};
		3DB338B1C9012E03EF5A4FD9 /* Frameworks */ = {
			isa = PBXGroup;
			children = (
				44B873887C49C0DB36155F82 /* libPods-MKGraphicView.a */,
			);
			name = Frameworks;
			sourceTree = "<group>";
		};
/* End PBXGroup section */

/* Begin PBXNativeTarget section */
		13B39F3423BEEC5100AD6001 /* MKGraphicView */ = {
			isa = PBXNativeTarget;
			buildConfigurationList = 13B39F4B23BEEC5300AD6001 /* Build configuration list for PBXNativeTarget "MKGraphicView" */;
			buildPhases = (
				9C520BAC9FEFE13B3FAD344E /* [CP] Check Pods Manifest.lock */,
				13B39F3123BEEC5100AD6001 /* Sources */,
				13B39F3223BEEC5100AD6001 /* Frameworks */,
				13B39F3323BEEC5100AD6001 /* Resources */,
			);
			buildRules = (
			);
			dependencies = (
			);
			name = MKGraphicView;
			productName = MKGraphicView;
			productReference = 13B39F3523BEEC5100AD6001 /* MKGraphicView.app */;
			productType = "com.apple.product-type.application";
		};
/* End PBXNativeTarget section */

/* Begin PBXProject section */
		13B39F2D23BEEC5100AD6001 /* Project object */ = {
			isa = PBXProject;
			attributes = {
				LastUpgradeCheck = 1020;
				ORGANIZATIONNAME = menksoft;
				TargetAttributes = {
					13B39F3423BEEC5100AD6001 = {
						CreatedOnToolsVersion = 10.2.1;
					};
				};
			};
			buildConfigurationList = 13B39F3023BEEC5100AD6001 /* Build configuration list for PBXProject "MKGraphicView" */;
			compatibilityVersion = "Xcode 9.3";
			developmentRegion = en;
			hasScannedForEncodings = 0;
			knownRegions = (
				en,
				Base,
			);
			mainGroup = 13B39F2C23BEEC5100AD6001;
			productRefGroup = 13B39F3623BEEC5100AD6001 /* Products */;
			projectDirPath = "";
			projectRoot = "";
			targets = (
				13B39F3423BEEC5100AD6001 /* MKGraphicView */,
			);
		};
/* End PBXProject section */

/* Begin PBXResourcesBuildPhase section */
		13B39F3323BEEC5100AD6001 /* Resources */ = {
			isa = PBXResourcesBuildPhase;
			buildActionMask = 2147483647;
			files = (
				13B39F6123BEEC6E00AD6001 /* 21.jpeg in Resources */,
				13B39F6423BEEC6E00AD6001 /* GLTGaltTig.ttf in Resources */,
				13B39F5F23BEEC6E00AD6001 /* haqian.gif in Resources */,
				13B39F4523BEEC5300AD6001 /* LaunchScreen.storyboard in Resources */,
				13B39F5E23BEEC6E00AD6001 /* haha@2x.png in Resources */,
				13B39F6223BEEC6E00AD6001 /* haha.gif in Resources */,
				13B39F6023BEEC6E00AD6001 /* 12.png in Resources */,
				13B39F4223BEEC5300AD6001 /* Assets.xcassets in Resources */,
				13B39F4023BEEC5100AD6001 /* Main.storyboard in Resources */,
				13B39F5B23BEEC6E00AD6001 /* 444.gif in Resources */,
				13B39F6523BEEC6E00AD6001 /* har.ttf in Resources */,
				13B39F5D23BEEC6E00AD6001 /* cahan.gif in Resources */,
				13B39F5C23BEEC6E00AD6001 /* shizi.png in Resources */,
			);
			runOnlyForDeploymentPostprocessing = 0;
		};
/* End PBXResourcesBuildPhase section */

/* Begin PBXShellScriptBuildPhase section */
		9C520BAC9FEFE13B3FAD344E /* [CP] Check Pods Manifest.lock */ = {
			isa = PBXShellScriptBuildPhase;
			buildActionMask = 2147483647;
			files = (
			);
			inputFileListPaths = (
			);
			inputPaths = (
				"${PODS_PODFILE_DIR_PATH}/Podfile.lock",
				"${PODS_ROOT}/Manifest.lock",
			);
			name = "[CP] Check Pods Manifest.lock";
			outputFileListPaths = (
			);
			outputPaths = (
				"$(DERIVED_FILE_DIR)/Pods-MKGraphicView-checkManifestLockResult.txt",
			);
			runOnlyForDeploymentPostprocessing = 0;
			shellPath = /bin/sh;
			shellScript = "diff \"${PODS_PODFILE_DIR_PATH}/Podfile.lock\" \"${PODS_ROOT}/Manifest.lock\" > /dev/null\nif [ $? != 0 ] ; then\n    # print error to STDERR\n    echo \"error: The sandbox is not in sync with the Podfile.lock. Run 'pod install' or update your CocoaPods installation.\" >&2\n    exit 1\nfi\n# This output is used by Xcode 'outputs' to avoid re-running this script phase.\necho \"SUCCESS\" > \"${SCRIPT_OUTPUT_FILE_0}\"\n";
			showEnvVarsInLog = 0;
		};
/* End PBXShellScriptBuildPhase section */

/* Begin PBXSourcesBuildPhase section */
		13B39F3123BEEC5100AD6001 /* Sources */ = {
			isa = PBXSourcesBuildPhase;
			buildActionMask = 2147483647;
			files = (
				13B39F3D23BEEC5100AD6001 /* ViewController.m in Sources */,
				13B39F4823BEEC5300AD6001 /* main.m in Sources */,
				13B39F3A23BEEC5100AD6001 /* AppDelegate.m in Sources */,
			);
			runOnlyForDeploymentPostprocessing = 0;
		};
/* End PBXSourcesBuildPhase section */

/* Begin PBXVariantGroup section */
		13B39F3E23BEEC5100AD6001 /* Main.storyboard */ = {
			isa = PBXVariantGroup;
			children = (
				13B39F3F23BEEC5100AD6001 /* Base */,
			);
			name = Main.storyboard;
			sourceTree = "<group>";
		};
		13B39F4323BEEC5300AD6001 /* LaunchScreen.storyboard */ = {
			isa = PBXVariantGroup;
			children = (
				13B39F4423BEEC5300AD6001 /* Base */,
			);
			name = LaunchScreen.storyboard;
			sourceTree = "<group>";
		};
/* End PBXVariantGroup section */

/* Begin XCBuildConfiguration section */
		13B39F4923BEEC5300AD6001 /* Debug */ = {
			isa = XCBuildConfiguration;
			buildSettings = {
				ALWAYS_SEARCH_USER_PATHS = NO;
				CLANG_ANALYZER_NONNULL = YES;
				CLANG_ANALYZER_NUMBER_OBJECT_CONVERSION = YES_AGGRESSIVE;
				CLANG_CXX_LANGUAGE_STANDARD = "gnu++14";
				CLANG_CXX_LIBRARY = "libc++";
				CLANG_ENABLE_MODULES = YES;
				CLANG_ENABLE_OBJC_ARC = YES;
				CLANG_ENABLE_OBJC_WEAK = YES;
				CLANG_WARN_BLOCK_CAPTURE_AUTORELEASING = YES;
				CLANG_WARN_BOOL_CONVERSION = YES;
				CLANG_WARN_COMMA = YES;
				CLANG_WARN_CONSTANT_CONVERSION = YES;
				CLANG_WARN_DEPRECATED_OBJC_IMPLEMENTATIONS = YES;
				CLANG_WARN_DIRECT_OBJC_ISA_USAGE = YES_ERROR;
				CLANG_WARN_DOCUMENTATION_COMMENTS = YES;
				CLANG_WARN_EMPTY_BODY = YES;
				CLANG_WARN_ENUM_CONVERSION = YES;
				CLANG_WARN_INFINITE_RECURSION = YES;
				CLANG_WARN_INT_CONVERSION = YES;
				CLANG_WARN_NON_LITERAL_NULL_CONVERSION = YES;
				CLANG_WARN_OBJC_IMPLICIT_RETAIN_SELF = YES;
				CLANG_WARN_OBJC_LITERAL_CONVERSION = YES;
				CLANG_WARN_OBJC_ROOT_CLASS = YES_ERROR;
				CLANG_WARN_RANGE_LOOP_ANALYSIS = YES;
				CLANG_WARN_STRICT_PROTOTYPES = YES;
				CLANG_WARN_SUSPICIOUS_MOVE = YES;
				CLANG_WARN_UNGUARDED_AVAILABILITY = YES_AGGRESSIVE;
				CLANG_WARN_UNREACHABLE_CODE = YES;
				CLANG_WARN__DUPLICATE_METHOD_MATCH = YES;
				CODE_SIGN_IDENTITY = "iPhone Developer";
				COPY_PHASE_STRIP = NO;
				DEBUG_INFORMATION_FORMAT = dwarf;
				ENABLE_STRICT_OBJC_MSGSEND = YES;
				ENABLE_TESTABILITY = YES;
				GCC_C_LANGUAGE_STANDARD = gnu11;
				GCC_DYNAMIC_NO_PIC = NO;
				GCC_NO_COMMON_BLOCKS = YES;
				GCC_OPTIMIZATION_LEVEL = 0;
				GCC_PREPROCESSOR_DEFINITIONS = (
					"DEBUG=1",
					"$(inherited)",
				);
				GCC_WARN_64_TO_32_BIT_CONVERSION = YES;
				GCC_WARN_ABOUT_RETURN_TYPE = YES_ERROR;
				GCC_WARN_UNDECLARED_SELECTOR = YES;
				GCC_WARN_UNINITIALIZED_AUTOS = YES_AGGRESSIVE;
				GCC_WARN_UNUSED_FUNCTION = YES;
				GCC_WARN_UNUSED_VARIABLE = YES;
				IPHONEOS_DEPLOYMENT_TARGET = 12.2;
				MTL_ENABLE_DEBUG_INFO = INCLUDE_SOURCE;
				MTL_FAST_MATH = YES;
				ONLY_ACTIVE_ARCH = YES;
				SDKROOT = iphoneos;
			};
			name = Debug;
		};
		13B39F4A23BEEC5300AD6001 /* Release */ = {
			isa = XCBuildConfiguration;
			buildSettings = {
				ALWAYS_SEARCH_USER_PATHS = NO;
				CLANG_ANALYZER_NONNULL = YES;
				CLANG_ANALYZER_NUMBER_OBJECT_CONVERSION = YES_AGGRESSIVE;
				CLANG_CXX_LANGUAGE_STANDARD = "gnu++14";
				CLANG_CXX_LIBRARY = "libc++";
				CLANG_ENABLE_MODULES = YES;
				CLANG_ENABLE_OBJC_ARC = YES;
				CLANG_ENABLE_OBJC_WEAK = YES;
				CLANG_WARN_BLOCK_CAPTURE_AUTORELEASING = YES;
				CLANG_WARN_BOOL_CONVERSION = YES;
				CLANG_WARN_COMMA = YES;
				CLANG_WARN_CONSTANT_CONVERSION = YES;
				CLANG_WARN_DEPRECATED_OBJC_IMPLEMENTATIONS = YES;
				CLANG_WARN_DIRECT_OBJC_ISA_USAGE = YES_ERROR;
				CLANG_WARN_DOCUMENTATION_COMMENTS = YES;
				CLANG_WARN_EMPTY_BODY = YES;
				CLANG_WARN_ENUM_CONVERSION = YES;
				CLANG_WARN_INFINITE_RECURSION = YES;
				CLANG_WARN_INT_CONVERSION = YES;
				CLANG_WARN_NON_LITERAL_NULL_CONVERSION = YES;
				CLANG_WARN_OBJC_IMPLICIT_RETAIN_SELF = YES;
				CLANG_WARN_OBJC_LITERAL_CONVERSION = YES;
				CLANG_WARN_OBJC_ROOT_CLASS = YES_ERROR;
				CLANG_WARN_RANGE_LOOP_ANALYSIS = YES;
				CLANG_WARN_STRICT_PROTOTYPES = YES;
				CLANG_WARN_SUSPICIOUS_MOVE = YES;
				CLANG_WARN_UNGUARDED_AVAILABILITY = YES_AGGRESSIVE;
				CLANG_WARN_UNREACHABLE_CODE = YES;
				CLANG_WARN__DUPLICATE_METHOD_MATCH = YES;
				CODE_SIGN_IDENTITY = "iPhone Developer";
				COPY_PHASE_STRIP = NO;
				DEBUG_INFORMATION_FORMAT = "dwarf-with-dsym";
				ENABLE_NS_ASSERTIONS = NO;
				ENABLE_STRICT_OBJC_MSGSEND = YES;
				GCC_C_LANGUAGE_STANDARD = gnu11;
				GCC_NO_COMMON_BLOCKS = YES;
				GCC_WARN_64_TO_32_BIT_CONVERSION = YES;
				GCC_WARN_ABOUT_RETURN_TYPE = YES_ERROR;
				GCC_WARN_UNDECLARED_SELECTOR = YES;
				GCC_WARN_UNINITIALIZED_AUTOS = YES_AGGRESSIVE;
				GCC_WARN_UNUSED_FUNCTION = YES;
				GCC_WARN_UNUSED_VARIABLE = YES;
				IPHONEOS_DEPLOYMENT_TARGET = 12.2;
				MTL_ENABLE_DEBUG_INFO = NO;
				MTL_FAST_MATH = YES;
				SDKROOT = iphoneos;
				VALIDATE_PRODUCT = YES;
			};
			name = Release;
		};
		13B39F4C23BEEC5300AD6001 /* Debug */ = {
			isa = XCBuildConfiguration;
			baseConfigurationReference = 6DACA8E32CF0EDE30D3F4D7F /* Pods-MKGraphicView.debug.xcconfig */;
			buildSettings = {
				ASSETCATALOG_COMPILER_APPICON_NAME = AppIcon;
				CODE_SIGN_STYLE = Automatic;
				FRAMEWORK_SEARCH_PATHS = (
					"$(inherited)",
					"$(PROJECT_DIR)/MKGraphicView",
				);
				INFOPLIST_FILE = MKGraphicView/Info.plist;
				LD_RUNPATH_SEARCH_PATHS = (
					"$(inherited)",
					"@executable_path/Frameworks",
				);
				PRODUCT_BUNDLE_IDENTIFIER = com.menksoft.MKGraphicView;
				PRODUCT_NAME = "$(TARGET_NAME)";
				TARGETED_DEVICE_FAMILY = "1,2";
			};
			name = Debug;
		};
		13B39F4D23BEEC5300AD6001 /* Release */ = {
			isa = XCBuildConfiguration;
			baseConfigurationReference = 224F9AD9BAB8C2C5A56A224D /* Pods-MKGraphicView.release.xcconfig */;
			buildSettings = {
				ASSETCATALOG_COMPILER_APPICON_NAME = AppIcon;
				CODE_SIGN_STYLE = Automatic;
				FRAMEWORK_SEARCH_PATHS = (
					"$(inherited)",
					"$(PROJECT_DIR)/MKGraphicView",
				);
				INFOPLIST_FILE = MKGraphicView/Info.plist;
				LD_RUNPATH_SEARCH_PATHS = (
					"$(inherited)",
					"@executable_path/Frameworks",
				);
				PRODUCT_BUNDLE_IDENTIFIER = com.menksoft.MKGraphicView;
				PRODUCT_NAME = "$(TARGET_NAME)";
				TARGETED_DEVICE_FAMILY = "1,2";
			};
			name = Release;
		};
/* End XCBuildConfiguration section */

/* Begin XCConfigurationList section */
		13B39F3023BEEC5100AD6001 /* Build configuration list for PBXProject "MKGraphicView" */ = {
			isa = XCConfigurationList;
			buildConfigurations = (
				13B39F4923BEEC5300AD6001 /* Debug */,
				13B39F4A23BEEC5300AD6001 /* Release */,
			);
			defaultConfigurationIsVisible = 0;
			defaultConfigurationName = Release;
		};
		13B39F4B23BEEC5300AD6001 /* Build configuration list for PBXNativeTarget "MKGraphicView" */ = {
			isa = XCConfigurationList;
			buildConfigurations = (
				13B39F4C23BEEC5300AD6001 /* Debug */,
				13B39F4D23BEEC5300AD6001 /* Release */,
			);
			defaultConfigurationIsVisible = 0;
			defaultConfigurationName = Release;
		};
/* End XCConfigurationList section */
	};
	rootObject = 13B39F2D23BEEC5100AD6001 /* Project object */;
}
